lockfileVersion: '9.0'

settings:
  autoInstallPeers: true
  excludeLinksFromLockfile: false

importers:

  .:
    dependencies:
      date-fns:
        specifier: ^4.1.0
        version: 4.1.0
      date-fns-tz:
        specifier: ^3.2.0
        version: 3.2.0(date-fns@4.1.0)
    devDependencies:
      '@types/node':
        specifier: ^25.5.2
        version: 25.5.2
      typescript:
        specifier: ^6.0.2
        version: 6.0.2

packages:

  '@types/node@25.5.2':
    resolution: {integrity: sha512-tO4ZIRKNC+MDWV4qKVZe3Ql/woTnmHDr5JD8UI5hn2pwBrHEwOEMZK7WlNb5RKB6EoJ02gwmQS9OrjuFnZYdpg==}

  date-fns-tz@3.2.0:
    resolution: {integrity: sha512-sg8HqoTEulcbbbVXeg84u5UnlsQa8GS5QXMqjjYIhS4abEVVKIUwe0/l/UhrZdKaL/W5eWZNlbTeEIiOXTcsBQ==}
    peerDependencies:
      date-fns: ^3.0.0 || ^4.0.0

  date-fns@4.1.0:
    resolution: {integrity: sha512-Ukq0owbQXxa/U3EGtsdVBkR1w7KOQ5gIBqdH2hkvknzZPYvBxb/aa6E8L7tmjFtkwZBu3UXBbjIgPo/Ez4xaNg==}

  typescript@6.0.2:
    resolution: {integrity: sha512-bGdAIrZ0wiGDo5l8c++HWtbaNCWTS4UTv7RaTH/ThVIgjkveJt83m74bBHMJkuCbslY8ixgLBVZJIOiQlQTjfQ==}
    engines: {node: '>=14.17'}
    hasBin: true

  undici-types@7.18.2:
    resolution: {integrity: sha512-AsuCzffGHJybSaRrmr5eHr81mwJU3kjw6M+uprWvCXiNeN9SOGwQ3Jn8jb8m3Z6izVgknn1R0FTCEAP2QrLY/w==}

snapshots:

  '@types/node@25.5.2':
    dependencies:
      undici-types: 7.18.2

  date-fns-tz@3.2.0(date-fns@4.1.0):
    dependencies:
      date-fns: 4.1.0

  date-fns@4.1.0: {}

  typescript@6.0.2: {}

  undici-types@7.18.2: {}
